schema: '2.0'
stages:
  szte-metadata:
    cmd: make szte
    deps:
    - path: SZTE
      md5: e28af20ca4949791baf507c49168f2c3.dir
      size: 332322712428
      nfiles: 499
    - path: src/ilids/commands/szte
      md5: c8556c56098c5f276d56c96496c488f8.dir
      size: 10653
      nfiles: 6
    - path: src/ilids/models/szte.py
      md5: f6a2648ba6c57af9e119945edd295e5c
      size: 2918
    - path: src/ilids/preprocessing/szte
      md5: c2beb2072727405f13a24d15c32ec082.dir
      size: 10955
      nfiles: 6
    outs:
    - path: data/szte-metadata
      md5: d525880754041f8b392de947ded3a3cd.dir
      size: 38429
      nfiles: 5
  sztr-metadata:
    cmd: make sztr
    deps:
    - path: SZTE
      md5: e28af20ca4949791baf507c49168f2c3.dir
      size: 332322712428
      nfiles: 499
    - path: src/ilids/commands/sztr
      md5: 3669e7debeb8bcf883104357aaa3dab7.dir
      size: 8945
      nfiles: 6
    - path: src/ilids/models/sztr.py
      md5: 19ba1181504527ebec65851eb1e125f0
      size: 2883
    - path: src/ilids/preprocessing/sztr
      md5: 7bcf5151af07929377daecdd6c151e4f.dir
      size: 7172
      nfiles: 7
    outs:
    - path: data/sztr-metadata
      md5: f69efd0733668cafb145da70cd7c312d.dir
      size: 143283
      nfiles: 5
  ilids-metadata:
    cmd: make ilids
    deps:
    - path: SZTE
      md5: e28af20ca4949791baf507c49168f2c3.dir
      size: 332322712428
      nfiles: 499
    - path: SZTR
      md5: 5862e7934a078574e066618c8bfaf2d1.dir
      size: 341439097229
      nfiles: 842
    - path: src/ilids/commands/ilids_indexes.py
      md5: 39fd0cf346b22b2f6f525c7b6e64242b
      size: 7929
    - path: src/ilids/commands/ilids_videos.py
      md5: e40c965297bd53471e90b26d3951b8c9
      size: 1569
    - path: src/ilids/commands/szte
      md5: c8556c56098c5f276d56c96496c488f8.dir
      size: 10653
      nfiles: 6
    - path: src/ilids/commands/sztr
      md5: 3669e7debeb8bcf883104357aaa3dab7.dir
      size: 8945
      nfiles: 6
    - path: src/ilids/models/szte.py
      md5: f6a2648ba6c57af9e119945edd295e5c
      size: 2918
    - path: src/ilids/models/sztr.py
      md5: 19ba1181504527ebec65851eb1e125f0
      size: 2883
    - path: src/ilids/preprocessing/szte
      md5: c2beb2072727405f13a24d15c32ec082.dir
      size: 10955
      nfiles: 6
    - path: src/ilids/preprocessing/sztr
      md5: 7bcf5151af07929377daecdd6c151e4f.dir
      size: 7172
      nfiles: 7
    outs:
    - path: data/ilids-metadata
      md5: 7ff672c54abc57943620386383f04c34.dir
      size: 184113
      nfiles: 5
