schema: '2.0'
stages:
  sztr-metadata:
    cmd: make sztr
    deps:
    - path: data/SZTR
      md5: 5d3fdde33c8c9a1cf80ed5d5f5c6d43f.dir
      size: 745011617
      nfiles: 238
    - path: src/ilids/commands/sztr
      md5: 20a8d1c2feae64cd66c11f0c99685e6b.dir
      size: 8767
      nfiles: 6
    - path: src/ilids/models/sztr.py
      md5: 19ba1181504527ebec65851eb1e125f0
      size: 2883
    - path: src/ilids/preprocessing/sztr
      md5: 00b918f6afcddf1fce83fb63ffc64529.dir
      size: 7120
      nfiles: 7
    outs:
    - path: data/sztr-metadata
      md5: db7a2a36eb29a7bdf91ad4cecaec81e6.dir
      size: 137798
      nfiles: 5
  szte-metadata:
    cmd: make szte
    deps:
    - path: data/SZTE
      md5: df90be17ba3eb13ed166738faf0925b8.dir
      size: 743645624
      nfiles: 67
    - path: src/ilids/commands/szte
      md5: 577bcac1bc6761771c5d3501ae52b60a.dir
      size: 10470
      nfiles: 6
    - path: src/ilids/models/szte.py
      md5: f6a2648ba6c57af9e119945edd295e5c
      size: 2918
    - path: src/ilids/preprocessing/szte
      md5: c2beb2072727405f13a24d15c32ec082.dir
      size: 10955
      nfiles: 6
    outs:
    - path: data/szte-metadata
      md5: 0de7afad0e0e838fb9911ed256129363.dir
      size: 38058
      nfiles: 5
  ilids-metadata:
    cmd: make ilids
    deps:
    - path: data/SZTE
      md5: df90be17ba3eb13ed166738faf0925b8.dir
      size: 743645624
      nfiles: 67
    - path: data/SZTR
      md5: 5d3fdde33c8c9a1cf80ed5d5f5c6d43f.dir
      size: 745011617
      nfiles: 238
    - path: src/ilids/commands/ilids_aggregate
      md5: f218da160ea7912d830d368e08fd67c3.dir
      size: 14941
      nfiles: 6
    - path: src/ilids/commands/szte
      md5: 577bcac1bc6761771c5d3501ae52b60a.dir
      size: 10470
      nfiles: 6
    - path: src/ilids/commands/sztr
      md5: 20a8d1c2feae64cd66c11f0c99685e6b.dir
      size: 8767
      nfiles: 6
    - path: src/ilids/models/szte.py
      md5: f6a2648ba6c57af9e119945edd295e5c
      size: 2918
    - path: src/ilids/models/sztr.py
      md5: 19ba1181504527ebec65851eb1e125f0
      size: 2883
    - path: src/ilids/preprocessing/szte
      md5: c2beb2072727405f13a24d15c32ec082.dir
      size: 10955
      nfiles: 6
    - path: src/ilids/preprocessing/sztr
      md5: 00b918f6afcddf1fce83fb63ffc64529.dir
      size: 7120
      nfiles: 7
    outs:
    - path: data/ilids-metadata
      md5: 55e1442f0d549f6a56f864674aacf266.dir
      size: 184323
      nfiles: 5
  extract-all-sequences:
    cmd: make -j$(make cpu_count) extract-all-sequences
    deps:
    - path: data/SZTE
      md5: df90be17ba3eb13ed166738faf0925b8.dir
      size: 743645624
      nfiles: 67
    - path: data/SZTR
      md5: 5d3fdde33c8c9a1cf80ed5d5f5c6d43f.dir
      size: 745011617
      nfiles: 238
    - path: data/handcrafted-metadata/tp_fp_sequences.csv
      md5: a917efccda9ef757918b039bbca70b4c
      size: 113974
    - path: src/ilids/commands/videos/frames_extraction.py
      md5: c44a11f8c9a1f8550aa40ecea80dd5ee
      size: 2732
    outs:
    - path: data/sequences
      md5: fe9ca5d9f3835610106d71e1acdbae38.dir
      size: 63103057
      nfiles: 864
  tp-fp-sequences:
    cmd: make sequences
    deps:
    - path: data/handcrafted-metadata/szte_distractions.extended.corrected.csv
      md5: e4997a165974261da18268e2af23a433
      size: 2263
    - path: data/ilids-metadata/alarms.csv
      md5: f5e908ede0f64ba1886226498a877946
      size: 40064
    - path: data/ilids-metadata/clips.csv
      md5: 7781468e07569d7513ad6e956fbeeced
      size: 18250
    - path: data/ilids-metadata/videos.csv
      md5: 90a1e17183ca0f6e9b8e781fc0cc4485
      size: 121857
    - path: notebooks/generate-sequences-alarms-FP.ipynb
      md5: 2749ec53f72ed6037ec8250c501b91b0
      size: 28321
    outs:
    - path: data/handcrafted-metadata/tp_fp_sequences.csv
      md5: a917efccda9ef757918b039bbca70b4c
      size: 113974
